
Microsoft Visual Studio Solution File, Format Version 12.00
# Visual Studio Version 17
VisualStudioVersion = 17.5.33530.505
MinimumVisualStudioVersion = 10.0.40219.1
Project("{FAE04EC0-301F-11D3-BF4B-00C04F79EFBC}") = "modul9_1302210032", "modul9_1302210032\modul9_1302210032.csproj", "{F1B12EA1-EA7C-4700-A8F2-FC65AEDF0504}"
EndProject
Global
	GlobalSection(SolutionConfigurationPlatforms) = preSolution
		Debug|Any CPU = Debug|Any CPU
		Release|Any CPU = Release|Any CPU
	EndGlobalSection
	GlobalSection(ProjectConfigurationPlatforms) = postSolution
		{F1B12EA1-EA7C-4700-A8F2-FC65AEDF0504}.Debug|Any CPU.ActiveCfg = Debug|Any CPU
		{F1B12EA1-EA7C-4700-A8F2-FC65AEDF0504}.Debug|Any CPU.Build.0 = Debug|Any CPU
		{F1B12EA1-EA7C-4700-A8F2-FC65AEDF0504}.Release|Any CPU.ActiveCfg = Release|Any CPU
		{F1B12EA1-EA7C-4700-A8F2-FC65AEDF0504}.Release|Any CPU.Build.0 = Release|Any CPU
	EndGlobalSection
	GlobalSection(SolutionProperties) = preSolution
		HideSolutionNode = FALSE
	EndGlobalSection
	GlobalSection(ExtensibilityGlobals) = postSolution
		SolutionGuid = {945259E6-5C75-4A0E-A353-4FBBC68498C5}
	EndGlobalSection
EndGlobal
